
Microsoft Visual Studio Solution File, Format Version 12.00
# Visual Studio Version 17
VisualStudioVersion = 17.9.34701.34
MinimumVisualStudioVersion = 10.0.40219.1
Project("{FAE04EC0-301F-11D3-BF4B-00C04F79EFBC}") = "BusTrack", "BusTrack.csproj", "{7CA10DCE-DA32-4458-8483-7D16A07605A9}"
EndProject
Global
	GlobalSection(SolutionConfigurationPlatforms) = preSolution
		Debug|Any CPU = Debug|Any CPU
		Release|Any CPU = Release|Any CPU
	EndGlobalSection
	GlobalSection(ProjectConfigurationPlatforms) = postSolution
		{7CA10DCE-DA32-4458-8483-7D16A07605A9}.Debug|Any CPU.ActiveCfg = Debug|Any CPU
		{7CA10DCE-DA32-4458-8483-7D16A07605A9}.Debug|Any CPU.Build.0 = Debug|Any CPU
		{7CA10DCE-DA32-4458-8483-7D16A07605A9}.Release|Any CPU.ActiveCfg = Release|Any CPU
		{7CA10DCE-DA32-4458-8483-7D16A07605A9}.Release|Any CPU.Build.0 = Release|Any CPU
	EndGlobalSection
	GlobalSection(SolutionProperties) = preSolution
		HideSolutionNode = FALSE
	EndGlobalSection
	GlobalSection(ExtensibilityGlobals) = postSolution
		SolutionGuid = {3FD1A124-6947-4054-80E7-F5D6D3563089}
	EndGlobalSection
EndGlobal
