
Microsoft Visual Studio Solution File, Format Version 12.00
# Visual Studio Version 17
VisualStudioVersion = 17.9.34728.123
MinimumVisualStudioVersion = 10.0.40219.1
Project("{9A19103F-16F7-4668-BE54-9A1E7A4F7556}") = "BusTrack", "BusTrack.csproj", "{DED4888C-D1A1-423C-8605-7F19A3D6098A}"
EndProject
Project("{9A19103F-16F7-4668-BE54-9A1E7A4F7556}") = "BusTrack.Tests", "BusTrack.Tests\BusTrack.Tests.csproj", "{42EFD858-691A-4FD5-9ECF-C3372A8D60C3}"
EndProject
Project("{9A19103F-16F7-4668-BE54-9A1E7A4F7556}") = "BusTrack.Frontend.Server", "BusTrack.Frontend\BusTrack.Frontend.Server\BusTrack.Frontend.Server.csproj", "{24FFB331-41CA-42E4-8663-B1B6A2A9A923}"
EndProject
Project("{54A90642-561A-4BB1-A94E-469ADEE60C69}") = "bustrack.frontend.client", "BusTrack.Frontend\bustrack.frontend.client\bustrack.frontend.client.esproj", "{9FE1AD31-BD44-4776-B92C-33DA3F200BF9}"
EndProject
Global
	GlobalSection(SolutionConfigurationPlatforms) = preSolution
		Debug|Any CPU = Debug|Any CPU
		Release|Any CPU = Release|Any CPU
	EndGlobalSection
	GlobalSection(ProjectConfigurationPlatforms) = postSolution
		{DED4888C-D1A1-423C-8605-7F19A3D6098A}.Debug|Any CPU.ActiveCfg = Debug|Any CPU
		{DED4888C-D1A1-423C-8605-7F19A3D6098A}.Debug|Any CPU.Build.0 = Debug|Any CPU
		{DED4888C-D1A1-423C-8605-7F19A3D6098A}.Release|Any CPU.ActiveCfg = Release|Any CPU
		{DED4888C-D1A1-423C-8605-7F19A3D6098A}.Release|Any CPU.Build.0 = Release|Any CPU
		{42EFD858-691A-4FD5-9ECF-C3372A8D60C3}.Debug|Any CPU.ActiveCfg = Debug|Any CPU
		{42EFD858-691A-4FD5-9ECF-C3372A8D60C3}.Debug|Any CPU.Build.0 = Debug|Any CPU
		{42EFD858-691A-4FD5-9ECF-C3372A8D60C3}.Release|Any CPU.ActiveCfg = Release|Any CPU
		{42EFD858-691A-4FD5-9ECF-C3372A8D60C3}.Release|Any CPU.Build.0 = Release|Any CPU
		{24FFB331-41CA-42E4-8663-B1B6A2A9A923}.Debug|Any CPU.ActiveCfg = Debug|Any CPU
		{24FFB331-41CA-42E4-8663-B1B6A2A9A923}.Debug|Any CPU.Build.0 = Debug|Any CPU
		{24FFB331-41CA-42E4-8663-B1B6A2A9A923}.Release|Any CPU.ActiveCfg = Release|Any CPU
		{24FFB331-41CA-42E4-8663-B1B6A2A9A923}.Release|Any CPU.Build.0 = Release|Any CPU
		{9FE1AD31-BD44-4776-B92C-33DA3F200BF9}.Debug|Any CPU.ActiveCfg = Debug|Any CPU
		{9FE1AD31-BD44-4776-B92C-33DA3F200BF9}.Debug|Any CPU.Build.0 = Debug|Any CPU
		{9FE1AD31-BD44-4776-B92C-33DA3F200BF9}.Debug|Any CPU.Deploy.0 = Debug|Any CPU
		{9FE1AD31-BD44-4776-B92C-33DA3F200BF9}.Release|Any CPU.ActiveCfg = Release|Any CPU
		{9FE1AD31-BD44-4776-B92C-33DA3F200BF9}.Release|Any CPU.Build.0 = Release|Any CPU
		{9FE1AD31-BD44-4776-B92C-33DA3F200BF9}.Release|Any CPU.Deploy.0 = Release|Any CPU
	EndGlobalSection
	GlobalSection(SolutionProperties) = preSolution
		HideSolutionNode = FALSE
	EndGlobalSection
	GlobalSection(ExtensibilityGlobals) = postSolution
		SolutionGuid = {9F65015F-0EC8-4F8C-8317-32FB00439755}
	EndGlobalSection
EndGlobal
